// !$*UTF8*$!
{
	archiveVersion = 1;
	classes = {
	};
	objectVersion = 54;
	objects = {

/* Begin PBXBuildFile section */
		AAAAAAAAAAAAAAAAAAAAAA13 /* LuminariaApp.swift in Sources */ = {isa = PBXBuildFile; fileRef = AAAAAAAAAAAAAAAAAAAAAA0C /* LuminariaApp.swift */; };
		AAAAAAAAAAAAAAAAAAAAAA14 /* ContentView.swift in Sources */ = {isa = PBXBuildFile; fileRef = AAAAAAAAAAAAAAAAAAAAAA0D /* ContentView.swift */; };
		AAAAAAAAAAAAAAAAAAAAAA15 /* NFCManager.swift in Sources */ = {isa = PBXBuildFile; fileRef = AAAAAAAAAAAAAAAAAAAAAA0E /* NFCManager.swift */; };
		AAAAAAAAAAAAAAAAAAAAAA16 /* ShortcutManager.swift in Sources */ = {isa = PBXBuildFile; fileRef = AAAAAAAAAAAAAAAAAAAAAA0F /* ShortcutManager.swift */; };
		AAAAAAAAAAAAAAAAAAAAAA1B /* CoreNFC.framework in Frameworks */ = {isa = PBXBuildFile; fileRef = AAAAAAAAAAAAAAAAAAAAAA1A /* CoreNFC.framework */; };
		AAAAAAAAAAAAAAAAAAAAAA44 /* FamilyControls.framework in Frameworks */ = {isa = PBXBuildFile; fileRef = AAAAAAAAAAAAAAAAAAAAAA43 /* FamilyControls.framework */; };
		AAAAAAAAAAAAAAAAAAAAAA46 /* ManagedSettings.framework in Frameworks */ = {isa = PBXBuildFile; fileRef = AAAAAAAAAAAAAAAAAAAAAA45 /* ManagedSettings.framework */; };
		AAAAAAAAAAAAAAAAAAAAAA1E /* Assets.xcassets in Resources */ = {isa = PBXBuildFile; fileRef = AAAAAAAAAAAAAAAAAAAAAA1D /* Assets.xcassets */; };
		AAAAAAAAAAAAAAAAAAAAAA20 /* AlarmManager.swift in Sources */ = {isa = PBXBuildFile; fileRef = AAAAAAAAAAAAAAAAAAAAAA1F /* AlarmManager.swift */; };
		AAAAAAAAAAAAAAAAAAAAAA22 /* silence_loop.wav in Resources */ = {isa = PBXBuildFile; fileRef = AAAAAAAAAAAAAAAAAAAAAA21 /* silence_loop.wav */; };
		AAAAAAAAAAAAAAAAAAAAAA24 /* alarm_tone.wav in Resources */ = {isa = PBXBuildFile; fileRef = AAAAAAAAAAAAAAAAAAAAAA23 /* alarm_tone.wav */; };
		AAAAAAAAAAAAAAAAAAAAAA26 /* SleepRoutineStore.swift in Sources */ = {isa = PBXBuildFile; fileRef = AAAAAAAAAAAAAAAAAAAAAA25 /* SleepRoutineStore.swift */; };
		AAAAAAAAAAAAAAAAAAAAAA28 /* SleepRoutinesView.swift in Sources */ = {isa = PBXBuildFile; fileRef = AAAAAAAAAAAAAAAAAAAAAA27 /* SleepRoutinesView.swift */; };
		AAAAAAAAAAAAAAAAAAAAAA2A /* HelpView.swift in Sources */ = {isa = PBXBuildFile; fileRef = AAAAAAAAAAAAAAAAAAAAAA29 /* HelpView.swift */; };
		AAAAAAAAAAAAAAAAAAAAAA2E /* alarm_alvorada.wav in Resources */ = {isa = PBXBuildFile; fileRef = AAAAAAAAAAAAAAAAAAAAAA2D /* alarm_alvorada.wav */; };
		AAAAAAAAAAAAAAAAAAAAAA32 /* AppTheme.swift in Sources */ = {isa = PBXBuildFile; fileRef = AAAAAAAAAAAAAAAAAAAAAA31 /* AppTheme.swift */; };
		AAAAAAAAAAAAAAAAAAAAAA34 /* alarm_ondas.wav in Resources */ = {isa = PBXBuildFile; fileRef = AAAAAAAAAAAAAAAAAAAAAA33 /* alarm_ondas.wav */; };
		AAAAAAAAAAAAAAAAAAAAAA36 /* alarm_chuva.wav in Resources */ = {isa = PBXBuildFile; fileRef = AAAAAAAAAAAAAAAAAAAAAA35 /* alarm_chuva.wav */; };
		AAAAAAAAAAAAAAAAAAAAAA38 /* alarm_passaros.wav in Resources */ = {isa = PBXBuildFile; fileRef = AAAAAAAAAAAAAAAAAAAAAA37 /* alarm_passaros.wav */; };
		AAAAAAAAAAAAAAAAAAAAAA3A /* LockedView.swift in Sources */ = {isa = PBXBuildFile; fileRef = AAAAAAAAAAAAAAAAAAAAAA39 /* LockedView.swift */; };
		AAAAAAAAAAAAAAAAAAAAAA3C /* ScreenTimeManager.swift in Sources */ = {isa = PBXBuildFile; fileRef = AAAAAAAAAAAAAAAAAAAAAA3B /* ScreenTimeManager.swift */; };
		AAAAAAAAAAAAAAAAAAAAAA3E /* AppBlockingView.swift in Sources */ = {isa = PBXBuildFile; fileRef = AAAAAAAAAAAAAAAAAAAAAA3D /* AppBlockingView.swift */; };
		AAAAAAAAAAAAAAAAAAAAAA40 /* SleepReportStore.swift in Sources */ = {isa = PBXBuildFile; fileRef = AAAAAAAAAAAAAAAAAAAAAA3F /* SleepReportStore.swift */; };
		AAAAAAAAAAAAAAAAAAAAAA42 /* SleepReportView.swift in Sources */ = {isa = PBXBuildFile; fileRef = AAAAAAAAAAAAAAAAAAAAAA41 /* SleepReportView.swift */; };
/* End PBXBuildFile section */

/* Begin PBXFileReference section */
		AAAAAAAAAAAAAAAAAAAAAA0C /* LuminariaApp.swift */ = {isa = PBXFileReference; lastKnownFileType = sourcecode.swift; path = LuminariaApp.swift; sourceTree = "<group>"; };
		AAAAAAAAAAAAAAAAAAAAAA0D /* ContentView.swift */ = {isa = PBXFileReference; lastKnownFileType = sourcecode.swift; path = ContentView.swift; sourceTree = "<group>"; };
		AAAAAAAAAAAAAAAAAAAAAA0E /* NFCManager.swift */ = {isa = PBXFileReference; lastKnownFileType = sourcecode.swift; path = NFCManager.swift; sourceTree = "<group>"; };
		AAAAAAAAAAAAAAAAAAAAAA0F /* ShortcutManager.swift */ = {isa = PBXFileReference; lastKnownFileType = sourcecode.swift; path = ShortcutManager.swift; sourceTree = "<group>"; };
		AAAAAAAAAAAAAAAAAAAAAA10 /* Info.plist */ = {isa = PBXFileReference; lastKnownFileType = text.plist.xml; path = Info.plist; sourceTree = "<group>"; };
		AAAAAAAAAAAAAAAAAAAAAA11 /* Luminaria.entitlements */ = {isa = PBXFileReference; lastKnownFileType = text.plist.entitlements; path = Luminaria.entitlements; sourceTree = "<group>"; };
		AAAAAAAAAAAAAAAAAAAAAA12 /* Luminaria.app */ = {isa = PBXFileReference; explicitFileType = wrapper.application; includeInIndex = 0; path = Luminaria.app; sourceTree = BUILT_PRODUCTS_DIR; };
		AAAAAAAAAAAAAAAAAAAAAA1A /* CoreNFC.framework */ = {isa = PBXFileReference; lastKnownFileType = wrapper.framework; name = CoreNFC.framework; path = System/Library/Frameworks/CoreNFC.framework; sourceTree = SDKROOT; };
		AAAAAAAAAAAAAAAAAAAAAA43 /* FamilyControls.framework */ = {isa = PBXFileReference; lastKnownFileType = wrapper.framework; name = FamilyControls.framework; path = System/Library/Frameworks/FamilyControls.framework; sourceTree = SDKROOT; };
		AAAAAAAAAAAAAAAAAAAAAA45 /* ManagedSettings.framework */ = {isa = PBXFileReference; lastKnownFileType = wrapper.framework; name = ManagedSettings.framework; path = System/Library/Frameworks/ManagedSettings.framework; sourceTree = SDKROOT; };
		AAAAAAAAAAAAAAAAAAAAAA1D /* Assets.xcassets */ = {isa = PBXFileReference; lastKnownFileType = folder.assetcatalog; path = Assets.xcassets; sourceTree = "<group>"; };
		AAAAAAAAAAAAAAAAAAAAAA1F /* AlarmManager.swift */ = {isa = PBXFileReference; lastKnownFileType = sourcecode.swift; path = AlarmManager.swift; sourceTree = "<group>"; };
		AAAAAAAAAAAAAAAAAAAAAA21 /* silence_loop.wav */ = {isa = PBXFileReference; lastKnownFileType = audio.wav; path = silence_loop.wav; sourceTree = "<group>"; };
		AAAAAAAAAAAAAAAAAAAAAA23 /* alarm_tone.wav */ = {isa = PBXFileReference; lastKnownFileType = audio.wav; path = alarm_tone.wav; sourceTree = "<group>"; };
		AAAAAAAAAAAAAAAAAAAAAA25 /* SleepRoutineStore.swift */ = {isa = PBXFileReference; lastKnownFileType = sourcecode.swift; path = SleepRoutineStore.swift; sourceTree = "<group>"; };
		AAAAAAAAAAAAAAAAAAAAAA27 /* SleepRoutinesView.swift */ = {isa = PBXFileReference; lastKnownFileType = sourcecode.swift; path = SleepRoutinesView.swift; sourceTree = "<group>"; };
		AAAAAAAAAAAAAAAAAAAAAA29 /* HelpView.swift */ = {isa = PBXFileReference; lastKnownFileType = sourcecode.swift; path = HelpView.swift; sourceTree = "<group>"; };
		AAAAAAAAAAAAAAAAAAAAAA2D /* alarm_alvorada.wav */ = {isa = PBXFileReference; lastKnownFileType = audio.wav; path = alarm_alvorada.wav; sourceTree = "<group>"; };
		AAAAAAAAAAAAAAAAAAAAAA31 /* AppTheme.swift */ = {isa = PBXFileReference; lastKnownFileType = sourcecode.swift; path = AppTheme.swift; sourceTree = "<group>"; };
		AAAAAAAAAAAAAAAAAAAAAA33 /* alarm_ondas.wav */ = {isa = PBXFileReference; lastKnownFileType = audio.wav; path = alarm_ondas.wav; sourceTree = "<group>"; };
		AAAAAAAAAAAAAAAAAAAAAA35 /* alarm_chuva.wav */ = {isa = PBXFileReference; lastKnownFileType = audio.wav; path = alarm_chuva.wav; sourceTree = "<group>"; };
		AAAAAAAAAAAAAAAAAAAAAA37 /* alarm_passaros.wav */ = {isa = PBXFileReference; lastKnownFileType = audio.wav; path = alarm_passaros.wav; sourceTree = "<group>"; };
		AAAAAAAAAAAAAAAAAAAAAA39 /* LockedView.swift */ = {isa = PBXFileReference; lastKnownFileType = sourcecode.swift; path = LockedView.swift; sourceTree = "<group>"; };
		AAAAAAAAAAAAAAAAAAAAAA3B /* ScreenTimeManager.swift */ = {isa = PBXFileReference; lastKnownFileType = sourcecode.swift; path = ScreenTimeManager.swift; sourceTree = "<group>"; };
		AAAAAAAAAAAAAAAAAAAAAA3D /* AppBlockingView.swift */ = {isa = PBXFileReference; lastKnownFileType = sourcecode.swift; path = AppBlockingView.swift; sourceTree = "<group>"; };
		AAAAAAAAAAAAAAAAAAAAAA3F /* SleepReportStore.swift */ = {isa = PBXFileReference; lastKnownFileType = sourcecode.swift; path = SleepReportStore.swift; sourceTree = "<group>"; };
		AAAAAAAAAAAAAAAAAAAAAA41 /* SleepReportView.swift */ = {isa = PBXFileReference; lastKnownFileType = sourcecode.swift; path = SleepReportView.swift; sourceTree = "<group>"; };
/* End PBXFileReference section */

/* Begin PBXFrameworksBuildPhase section */
		AAAAAAAAAAAAAAAAAAAAAA18 /* Frameworks */ = {
			isa = PBXFrameworksBuildPhase;
			buildActionMask = 2147483647;
			files = (
				AAAAAAAAAAAAAAAAAAAAAA1B /* CoreNFC.framework in Frameworks */,
				AAAAAAAAAAAAAAAAAAAAAA44 /* FamilyControls.framework in Frameworks */,
				AAAAAAAAAAAAAAAAAAAAAA46 /* ManagedSettings.framework in Frameworks */,
			);
			runOnlyForDeploymentPostprocessing = 0;
		};
/* End PBXFrameworksBuildPhase section */

/* Begin PBXGroup section */
		AAAAAAAAAAAAAAAAAAAAAA09 /* Root */ = {
			isa = PBXGroup;
			children = (
				AAAAAAAAAAAAAAAAAAAAAA0B /* Luminaria */,
				AAAAAAAAAAAAAAAAAAAAAA1C /* Frameworks */,
				AAAAAAAAAAAAAAAAAAAAAA0A /* Products */,
			);
			sourceTree = "<group>";
		};
		AAAAAAAAAAAAAAAAAAAAAA0A /* Products */ = {
			isa = PBXGroup;
			children = (
				AAAAAAAAAAAAAAAAAAAAAA12 /* Luminaria.app */,
			);
			name = Products;
			sourceTree = "<group>";
		};
		AAAAAAAAAAAAAAAAAAAAAA0B /* Luminaria */ = {
			isa = PBXGroup;
			children = (
				AAAAAAAAAAAAAAAAAAAAAA0C /* LuminariaApp.swift */,
				AAAAAAAAAAAAAAAAAAAAAA0D /* ContentView.swift */,
				AAAAAAAAAAAAAAAAAAAAAA0E /* NFCManager.swift */,
				AAAAAAAAAAAAAAAAAAAAAA0F /* ShortcutManager.swift */,
				AAAAAAAAAAAAAAAAAAAAAA1F /* AlarmManager.swift */,
				AAAAAAAAAAAAAAAAAAAAAA25 /* SleepRoutineStore.swift */,
				AAAAAAAAAAAAAAAAAAAAAA27 /* SleepRoutinesView.swift */,
				AAAAAAAAAAAAAAAAAAAAAA29 /* HelpView.swift */,
				AAAAAAAAAAAAAAAAAAAAAA31 /* AppTheme.swift */,
				AAAAAAAAAAAAAAAAAAAAAA39 /* LockedView.swift */,
				AAAAAAAAAAAAAAAAAAAAAA3B /* ScreenTimeManager.swift */,
				AAAAAAAAAAAAAAAAAAAAAA3D /* AppBlockingView.swift */,
				AAAAAAAAAAAAAAAAAAAAAA3F /* SleepReportStore.swift */,
				AAAAAAAAAAAAAAAAAAAAAA41 /* SleepReportView.swift */,
				AAAAAAAAAAAAAAAAAAAAAA1D /* Assets.xcassets */,
				AAAAAAAAAAAAAAAAAAAAAA21 /* silence_loop.wav */,
				AAAAAAAAAAAAAAAAAAAAAA23 /* alarm_tone.wav */,
				AAAAAAAAAAAAAAAAAAAAAA2D /* alarm_alvorada.wav */,
				AAAAAAAAAAAAAAAAAAAAAA33 /* alarm_ondas.wav */,
				AAAAAAAAAAAAAAAAAAAAAA35 /* alarm_chuva.wav */,
				AAAAAAAAAAAAAAAAAAAAAA37 /* alarm_passaros.wav */,
				AAAAAAAAAAAAAAAAAAAAAA10 /* Info.plist */,
				AAAAAAAAAAAAAAAAAAAAAA11 /* Luminaria.entitlements */,
			);
			path = Luminaria;
			sourceTree = "<group>";
		};
		AAAAAAAAAAAAAAAAAAAAAA1C /* Frameworks */ = {
			isa = PBXGroup;
			children = (
				AAAAAAAAAAAAAAAAAAAAAA1A /* CoreNFC.framework */,
				AAAAAAAAAAAAAAAAAAAAAA43 /* FamilyControls.framework */,
				AAAAAAAAAAAAAAAAAAAAAA45 /* ManagedSettings.framework */,
			);
			name = Frameworks;
			sourceTree = "<group>";
		};
/* End PBXGroup section */

/* Begin PBXNativeTarget section */
		AAAAAAAAAAAAAAAAAAAAAA02 /* Luminaria */ = {
			isa = PBXNativeTarget;
			buildConfigurationList = AAAAAAAAAAAAAAAAAAAAAA04 /* Build configuration list for PBXNativeTarget "Luminaria" */;
			buildPhases = (
				AAAAAAAAAAAAAAAAAAAAAA17 /* Sources */,
				AAAAAAAAAAAAAAAAAAAAAA18 /* Frameworks */,
				AAAAAAAAAAAAAAAAAAAAAA19 /* Resources */,
			);
			buildRules = (
			);
			dependencies = (
			);
			name = Luminaria;
			productName = Luminaria;
			productReference = AAAAAAAAAAAAAAAAAAAAAA12 /* Luminaria.app */;
			productType = "com.apple.product-type.application";
		};
/* End PBXNativeTarget section */

/* Begin PBXProject section */
		AAAAAAAAAAAAAAAAAAAAAA01 /* Project object */ = {
			isa = PBXProject;
			attributes = {
				BuildIndependentTargetsInParallel = 1;
				LastSwiftUpdateCheck = 1500;
				LastUpgradeCheck = 1500;
				TargetAttributes = {
					AAAAAAAAAAAAAAAAAAAAAA02 = {
						CreatedOnToolsVersion = 15.0;
					};
				};
			};
			buildConfigurationList = AAAAAAAAAAAAAAAAAAAAAA03 /* Build configuration list for PBXProject "Luminaria" */;
			compatibilityVersion = "Xcode 14.0";
			developmentRegion = pt-BR;
			hasScannedForEncodings = 0;
			knownRegions = (
				"pt-BR",
				Base,
			);
			mainGroup = AAAAAAAAAAAAAAAAAAAAAA09 /* Root */;
			productRefGroup = AAAAAAAAAAAAAAAAAAAAAA0A /* Products */;
			projectDirPath = "";
			projectRoot = "";
			targets = (
				AAAAAAAAAAAAAAAAAAAAAA02 /* Luminaria */,
			);
		};
/* End PBXProject section */

/* Begin PBXResourcesBuildPhase section */
		AAAAAAAAAAAAAAAAAAAAAA19 /* Resources */ = {
			isa = PBXResourcesBuildPhase;
			buildActionMask = 2147483647;
			files = (
				AAAAAAAAAAAAAAAAAAAAAA1E /* Assets.xcassets in Resources */,
				AAAAAAAAAAAAAAAAAAAAAA22 /* silence_loop.wav in Resources */,
				AAAAAAAAAAAAAAAAAAAAAA24 /* alarm_tone.wav in Resources */,
				AAAAAAAAAAAAAAAAAAAAAA2E /* alarm_alvorada.wav in Resources */,
				AAAAAAAAAAAAAAAAAAAAAA34 /* alarm_ondas.wav in Resources */,
				AAAAAAAAAAAAAAAAAAAAAA36 /* alarm_chuva.wav in Resources */,
				AAAAAAAAAAAAAAAAAAAAAA38 /* alarm_passaros.wav in Resources */,
			);
			runOnlyForDeploymentPostprocessing = 0;
		};
/* End PBXResourcesBuildPhase section */

/* Begin PBXSourcesBuildPhase section */
		AAAAAAAAAAAAAAAAAAAAAA17 /* Sources */ = {
			isa = PBXSourcesBuildPhase;
			buildActionMask = 2147483647;
			files = (
				AAAAAAAAAAAAAAAAAAAAAA13 /* LuminariaApp.swift in Sources */,
				AAAAAAAAAAAAAAAAAAAAAA14 /* ContentView.swift in Sources */,
				AAAAAAAAAAAAAAAAAAAAAA15 /* NFCManager.swift in Sources */,
				AAAAAAAAAAAAAAAAAAAAAA16 /* ShortcutManager.swift in Sources */,
				AAAAAAAAAAAAAAAAAAAAAA20 /* AlarmManager.swift in Sources */,
				AAAAAAAAAAAAAAAAAAAAAA26 /* SleepRoutineStore.swift in Sources */,
				AAAAAAAAAAAAAAAAAAAAAA28 /* SleepRoutinesView.swift in Sources */,
				AAAAAAAAAAAAAAAAAAAAAA2A /* HelpView.swift in Sources */,
				AAAAAAAAAAAAAAAAAAAAAA32 /* AppTheme.swift in Sources */,
				AAAAAAAAAAAAAAAAAAAAAA3A /* LockedView.swift in Sources */,
				AAAAAAAAAAAAAAAAAAAAAA3C /* ScreenTimeManager.swift in Sources */,
				AAAAAAAAAAAAAAAAAAAAAA3E /* AppBlockingView.swift in Sources */,
				AAAAAAAAAAAAAAAAAAAAAA40 /* SleepReportStore.swift in Sources */,
				AAAAAAAAAAAAAAAAAAAAAA42 /* SleepReportView.swift in Sources */,
			);
			runOnlyForDeploymentPostprocessing = 0;
		};
/* End PBXSourcesBuildPhase section */

/* Begin XCBuildConfiguration section */
		AAAAAAAAAAAAAAAAAAAAAA05 /* Debug */ = {
			isa = XCBuildConfiguration;
			buildSettings = {
				ALWAYS_SEARCH_USER_PATHS = NO;
				CLANG_ENABLE_MODULES = YES;
				CLANG_ENABLE_OBJC_ARC = YES;
				CLANG_WARN_DOCUMENTATION_COMMENTS = YES;
				CLANG_WARN_QUOTED_INCLUDE_IN_FRAMEWORK_HEADER = YES;
				COPY_PHASE_STRIP = NO;
				DEBUG_INFORMATION_FORMAT = dwarf;
				ENABLE_TESTABILITY = YES;
				GCC_C_LANGUAGE_STANDARD = gnu11;
				GCC_DYNAMIC_NO_PIC = NO;
				GCC_OPTIMIZATION_LEVEL = 0;
				GCC_PREPROCESSOR_DEFINITIONS = (
					"DEBUG=1",
					"$(inherited)",
				);
				IPHONEOS_DEPLOYMENT_TARGET = 16.0;
				MTL_ENABLE_DEBUG_INFO = INCLUDE_SOURCE;
				MTL_FAST_MATH = YES;
				ONLY_ACTIVE_ARCH = YES;
				SDKROOT = iphoneos;
				SWIFT_ACTIVE_COMPILATION_CONDITIONS = DEBUG;
				SWIFT_OPTIMIZATION_LEVEL = "-Onone";
				SWIFT_VERSION = 5.0;
				TARGETED_DEVICE_FAMILY = "1,2";
			};
			name = Debug;
		};
		AAAAAAAAAAAAAAAAAAAAAA06 /* Release */ = {
			isa = XCBuildConfiguration;
			buildSettings = {
				ALWAYS_SEARCH_USER_PATHS = NO;
				CLANG_ENABLE_MODULES = YES;
				CLANG_ENABLE_OBJC_ARC = YES;
				CLANG_WARN_DOCUMENTATION_COMMENTS = YES;
				CLANG_WARN_QUOTED_INCLUDE_IN_FRAMEWORK_HEADER = YES;
				COPY_PHASE_STRIP = NO;
				DEBUG_INFORMATION_FORMAT = "dwarf-with-dsym";
				ENABLE_NS_ASSERTIONS = NO;
				GCC_C_LANGUAGE_STANDARD = gnu11;
				IPHONEOS_DEPLOYMENT_TARGET = 16.0;
				MTL_ENABLE_DEBUG_INFO = NO;
				MTL_FAST_MATH = YES;
				SDKROOT = iphoneos;
				SWIFT_COMPILATION_MODE = wholemodule;
				SWIFT_OPTIMIZATION_LEVEL = "-O";
				SWIFT_VERSION = 5.0;
				TARGETED_DEVICE_FAMILY = "1,2";
				VALIDATE_PRODUCT = YES;
			};
			name = Release;
		};
		AAAAAAAAAAAAAAAAAAAAAA07 /* Debug */ = {
			isa = XCBuildConfiguration;
			buildSettings = {
				ASSETCATALOG_COMPILER_APPICON_NAME = AppIcon;
				CODE_SIGN_ENTITLEMENTS = Luminaria/Luminaria.entitlements;
				CODE_SIGN_STYLE = Automatic;
				CURRENT_PROJECT_VERSION = 1;
				GENERATE_INFOPLIST_FILE = NO;
				INFOPLIST_FILE = Luminaria/Info.plist;
				INFOPLIST_KEY_UILaunchScreen_Generation = YES;
				LD_RUNPATH_SEARCH_PATHS = (
					"$(inherited)",
					"@executable_path/Frameworks",
				);
				MARKETING_VERSION = 1.0;
				PRODUCT_BUNDLE_IDENTIFIER = com.luminaria.app;
				PRODUCT_NAME = "$(TARGET_NAME)";
				SWIFT_EMIT_LOC_STRINGS = YES;
				SWIFT_VERSION = 5.0;
				TARGETED_DEVICE_FAMILY = "1,2";
			};
			name = Debug;
		};
		AAAAAAAAAAAAAAAAAAAAAA08 /* Release */ = {
			isa = XCBuildConfiguration;
			buildSettings = {
				ASSETCATALOG_COMPILER_APPICON_NAME = AppIcon;
				CODE_SIGN_ENTITLEMENTS = Luminaria/Luminaria.entitlements;
				CODE_SIGN_STYLE = Automatic;
				CURRENT_PROJECT_VERSION = 1;
				GENERATE_INFOPLIST_FILE = NO;
				INFOPLIST_FILE = Luminaria/Info.plist;
				INFOPLIST_KEY_UILaunchScreen_Generation = YES;
				LD_RUNPATH_SEARCH_PATHS = (
					"$(inherited)",
					"@executable_path/Frameworks",
				);
				MARKETING_VERSION = 1.0;
				PRODUCT_BUNDLE_IDENTIFIER = com.luminaria.app;
				PRODUCT_NAME = "$(TARGET_NAME)";
				SWIFT_EMIT_LOC_STRINGS = YES;
				SWIFT_VERSION = 5.0;
				TARGETED_DEVICE_FAMILY = "1,2";
			};
			name = Release;
		};
/* End XCBuildConfiguration section */

/* Begin XCConfigurationList section */
		AAAAAAAAAAAAAAAAAAAAAA03 /* Build configuration list for PBXProject "Luminaria" */ = {
			isa = XCConfigurationList;
			buildConfigurations = (
				AAAAAAAAAAAAAAAAAAAAAA05 /* Debug */,
				AAAAAAAAAAAAAAAAAAAAAA06 /* Release */,
			);
			defaultConfigurationIsVisible = 0;
			defaultConfigurationName = Release;
		};
		AAAAAAAAAAAAAAAAAAAAAA04 /* Build configuration list for PBXNativeTarget "Luminaria" */ = {
			isa = XCConfigurationList;
			buildConfigurations = (
				AAAAAAAAAAAAAAAAAAAAAA07 /* Debug */,
				AAAAAAAAAAAAAAAAAAAAAA08 /* Release */,
			);
			defaultConfigurationIsVisible = 0;
			defaultConfigurationName = Release;
		};
/* End XCConfigurationList section */
	};
	rootObject = AAAAAAAAAAAAAAAAAAAAAA01 /* Project object */;
}
